
Microsoft Visual Studio Solution File, Format Version 12.00
# Visual Studio Version 17
VisualStudioVersion = 17.2.32516.85
MinimumVisualStudioVersion = 10.0.40219.1
Project("{8BC9CEB8-8B4A-11D0-8D11-00A0C91BC942}") = "your world-client", "your world-client\your world-client.vcxproj", "{1A15D2E4-2A6B-46AA-A17D-081F7E26A052}"
EndProject
Project("{8BC9CEB8-8B4A-11D0-8D11-00A0C91BC942}") = "your world-server", "your world-server\your world-server.vcxproj", "{BDE5EA7F-5051-4AFC-A5A9-9C445CDA1BFB}"
EndProject
Project("{8BC9CEB8-8B4A-11D0-8D11-00A0C91BC942}") = "log reader", "log reader\log reader.vcxproj", "{4B74B96A-B6F6-4C92-9B15-C725309275AB}"
EndProject
Global
	GlobalSection(SolutionConfigurationPlatforms) = preSolution
		Debug|x64 = Debug|x64
		Debug|x86 = Debug|x86
		Release|x64 = Release|x64
		Release|x86 = Release|x86
	EndGlobalSection
	GlobalSection(ProjectConfigurationPlatforms) = postSolution
		{1A15D2E4-2A6B-46AA-A17D-081F7E26A052}.Debug|x64.ActiveCfg = Debug|x64
		{1A15D2E4-2A6B-46AA-A17D-081F7E26A052}.Debug|x64.Build.0 = Debug|x64
		{1A15D2E4-2A6B-46AA-A17D-081F7E26A052}.Debug|x86.ActiveCfg = Debug|Win32
		{1A15D2E4-2A6B-46AA-A17D-081F7E26A052}.Debug|x86.Build.0 = Debug|Win32
		{1A15D2E4-2A6B-46AA-A17D-081F7E26A052}.Release|x64.ActiveCfg = Release|x64
		{1A15D2E4-2A6B-46AA-A17D-081F7E26A052}.Release|x64.Build.0 = Release|x64
		{1A15D2E4-2A6B-46AA-A17D-081F7E26A052}.Release|x86.ActiveCfg = Release|Win32
		{1A15D2E4-2A6B-46AA-A17D-081F7E26A052}.Release|x86.Build.0 = Release|Win32
		{BDE5EA7F-5051-4AFC-A5A9-9C445CDA1BFB}.Debug|x64.ActiveCfg = Debug|x64
		{BDE5EA7F-5051-4AFC-A5A9-9C445CDA1BFB}.Debug|x64.Build.0 = Debug|x64
		{BDE5EA7F-5051-4AFC-A5A9-9C445CDA1BFB}.Debug|x86.ActiveCfg = Debug|Win32
		{BDE5EA7F-5051-4AFC-A5A9-9C445CDA1BFB}.Debug|x86.Build.0 = Debug|Win32
		{BDE5EA7F-5051-4AFC-A5A9-9C445CDA1BFB}.Release|x64.ActiveCfg = Release|x64
		{BDE5EA7F-5051-4AFC-A5A9-9C445CDA1BFB}.Release|x64.Build.0 = Release|x64
		{BDE5EA7F-5051-4AFC-A5A9-9C445CDA1BFB}.Release|x86.ActiveCfg = Release|Win32
		{BDE5EA7F-5051-4AFC-A5A9-9C445CDA1BFB}.Release|x86.Build.0 = Release|Win32
		{4B74B96A-B6F6-4C92-9B15-C725309275AB}.Debug|x64.ActiveCfg = Debug|x64
		{4B74B96A-B6F6-4C92-9B15-C725309275AB}.Debug|x64.Build.0 = Debug|x64
		{4B74B96A-B6F6-4C92-9B15-C725309275AB}.Debug|x86.ActiveCfg = Debug|Win32
		{4B74B96A-B6F6-4C92-9B15-C725309275AB}.Debug|x86.Build.0 = Debug|Win32
		{4B74B96A-B6F6-4C92-9B15-C725309275AB}.Release|x64.ActiveCfg = Release|x64
		{4B74B96A-B6F6-4C92-9B15-C725309275AB}.Release|x64.Build.0 = Release|x64
		{4B74B96A-B6F6-4C92-9B15-C725309275AB}.Release|x86.ActiveCfg = Release|Win32
		{4B74B96A-B6F6-4C92-9B15-C725309275AB}.Release|x86.Build.0 = Release|Win32
	EndGlobalSection
	GlobalSection(SolutionProperties) = preSolution
		HideSolutionNode = FALSE
	EndGlobalSection
	GlobalSection(ExtensibilityGlobals) = postSolution
		SolutionGuid = {ECC264C7-74E4-4F0F-8212-3BAB77BC39F9}
	EndGlobalSection
EndGlobal
